dependencies:
  espressif/esp-zboss-lib:
    component_hash: 8c214bc75cae20c6583f98971d249e2f05a56c82539b0399b5dbb59cb3c38326
    source:
      service_url: https://api.components.espressif.com/
      type: service
    version: 0.5.4
  espressif/esp-zigbee-lib:
    component_hash: eb2110500aea4da362912fe91e8c17febc2ee1fe729de7ad6026642f5d33bb89
    source:
      service_url: https://api.components.espressif.com/
      type: service
    version: 0.6.2
  idf:
    component_hash: null
    source:
      type: idf
    version: 5.2.0
manifest_hash: 15400c05406e89ab15aff3ee5f0e9bcf6557d73eb42e7b4fa4189c00de1d390e
target: esp32c6
version: 1.0.0
